// !$*UTF8*$!
{
	archiveVersion = 1;
	classes = {
	};
	objectVersion = 55;
	objects = {

/* Begin PBXBuildFile section */
		8421C80B28DCFCB400B05408 /* AppDelegate.swift in Sources */ = {isa = PBXBuildFile; fileRef = 8421C80A28DCFCB400B05408 /* AppDelegate.swift */; };
		8421C80D28DCFCB400B05408 /* SceneDelegate.swift in Sources */ = {isa = PBXBuildFile; fileRef = 8421C80C28DCFCB400B05408 /* SceneDelegate.swift */; };
		8421C80F28DCFCB400B05408 /* ViewController.swift in Sources */ = {isa = PBXBuildFile; fileRef = 8421C80E28DCFCB400B05408 /* ViewController.swift */; };
		8421C81228DCFCB400B05408 /* Main.storyboard in Resources */ = {isa = PBXBuildFile; fileRef = 8421C81028DCFCB400B05408 /* Main.storyboard */; };
		8421C81428DCFCB500B05408 /* Assets.xcassets in Resources */ = {isa = PBXBuildFile; fileRef = 8421C81328DCFCB500B05408 /* Assets.xcassets */; };
		8421C81728DCFCB500B05408 /* LaunchScreen.storyboard in Resources */ = {isa = PBXBuildFile; fileRef = 8421C81528DCFCB500B05408 /* LaunchScreen.storyboard */; };
		843685ED28E0CE35001A0685 /* ColorExtension.swift in Sources */ = {isa = PBXBuildFile; fileRef = 843685EC28E0CE35001A0685 /* ColorExtension.swift */; };
		843685EF28E0D424001A0685 /* SizeExtension.swift in Sources */ = {isa = PBXBuildFile; fileRef = 843685EE28E0D424001A0685 /* SizeExtension.swift */; };
		F67FA58DAAE4C3FE79F6FAA0 /* Pods_lecture9.framework in Frameworks */ = {isa = PBXBuildFile; fileRef = 63EAEDE3AFD209305F9FB08C /* Pods_lecture9.framework */; };
/* End PBXBuildFile section */

/* Begin PBXFileReference section */
		485EA10C836EEC391E202866 /* Pods-lecture9.release.xcconfig */ = {isa = PBXFileReference; includeInIndex = 1; lastKnownFileType = text.xcconfig; name = "Pods-lecture9.release.xcconfig"; path = "Target Support Files/Pods-lecture9/Pods-lecture9.release.xcconfig"; sourceTree = "<group>"; };
		63EAEDE3AFD209305F9FB08C /* Pods_lecture9.framework */ = {isa = PBXFileReference; explicitFileType = wrapper.framework; includeInIndex = 0; path = Pods_lecture9.framework; sourceTree = BUILT_PRODUCTS_DIR; };
		7338EA36104D6D9BC984FE2E /* Pods-lecture9.debug.xcconfig */ = {isa = PBXFileReference; includeInIndex = 1; lastKnownFileType = text.xcconfig; name = "Pods-lecture9.debug.xcconfig"; path = "Target Support Files/Pods-lecture9/Pods-lecture9.debug.xcconfig"; sourceTree = "<group>"; };
		8421C80728DCFCB400B05408 /* lecture9.app */ = {isa = PBXFileReference; explicitFileType = wrapper.application; includeInIndex = 0; path = lecture9.app; sourceTree = BUILT_PRODUCTS_DIR; };
		8421C80A28DCFCB400B05408 /* AppDelegate.swift */ = {isa = PBXFileReference; lastKnownFileType = sourcecode.swift; path = AppDelegate.swift; sourceTree = "<group>"; };
		8421C80C28DCFCB400B05408 /* SceneDelegate.swift */ = {isa = PBXFileReference; lastKnownFileType = sourcecode.swift; path = SceneDelegate.swift; sourceTree = "<group>"; };
		8421C80E28DCFCB400B05408 /* ViewController.swift */ = {isa = PBXFileReference; lastKnownFileType = sourcecode.swift; path = ViewController.swift; sourceTree = "<group>"; };
		8421C81128DCFCB400B05408 /* Base */ = {isa = PBXFileReference; lastKnownFileType = file.storyboard; name = Base; path = Base.lproj/Main.storyboard; sourceTree = "<group>"; };
		8421C81328DCFCB500B05408 /* Assets.xcassets */ = {isa = PBXFileReference; lastKnownFileType = folder.assetcatalog; path = Assets.xcassets; sourceTree = "<group>"; };
		8421C81628DCFCB500B05408 /* Base */ = {isa = PBXFileReference; lastKnownFileType = file.storyboard; name = Base; path = Base.lproj/LaunchScreen.storyboard; sourceTree = "<group>"; };
		8421C81828DCFCB500B05408 /* Info.plist */ = {isa = PBXFileReference; lastKnownFileType = text.plist.xml; path = Info.plist; sourceTree = "<group>"; };
		843685EC28E0CE35001A0685 /* ColorExtension.swift */ = {isa = PBXFileReference; lastKnownFileType = sourcecode.swift; path = ColorExtension.swift; sourceTree = "<group>"; };
		843685EE28E0D424001A0685 /* SizeExtension.swift */ = {isa = PBXFileReference; lastKnownFileType = sourcecode.swift; path = SizeExtension.swift; sourceTree = "<group>"; };
/* End PBXFileReference section */

/* Begin PBXFrameworksBuildPhase section */
		8421C80428DCFCB400B05408 /* Frameworks */ = {
			isa = PBXFrameworksBuildPhase;
			buildActionMask = 2147483647;
			files = (
				F67FA58DAAE4C3FE79F6FAA0 /* Pods_lecture9.framework in Frameworks */,
			);
			runOnlyForDeploymentPostprocessing = 0;
		};
/* End PBXFrameworksBuildPhase section */

/* Begin PBXGroup section */
		2E5EB1445AD53449BCD48268 /* Pods */ = {
			isa = PBXGroup;
			children = (
				7338EA36104D6D9BC984FE2E /* Pods-lecture9.debug.xcconfig */,
				485EA10C836EEC391E202866 /* Pods-lecture9.release.xcconfig */,
			);
			path = Pods;
			sourceTree = "<group>";
		};
		8421C7FE28DCFCB400B05408 = {
			isa = PBXGroup;
			children = (
				8421C80928DCFCB400B05408 /* lecture9 */,
				8421C80828DCFCB400B05408 /* Products */,
				2E5EB1445AD53449BCD48268 /* Pods */,
				E2E879162D35D0E3F02B7306 /* Frameworks */,
			);
			sourceTree = "<group>";
		};
		8421C80828DCFCB400B05408 /* Products */ = {
			isa = PBXGroup;
			children = (
				8421C80728DCFCB400B05408 /* lecture9.app */,
			);
			name = Products;
			sourceTree = "<group>";
		};
		8421C80928DCFCB400B05408 /* lecture9 */ = {
			isa = PBXGroup;
			children = (
				8421C80A28DCFCB400B05408 /* AppDelegate.swift */,
				8421C80C28DCFCB400B05408 /* SceneDelegate.swift */,
				8421C80E28DCFCB400B05408 /* ViewController.swift */,
				8421C81028DCFCB400B05408 /* Main.storyboard */,
				8421C81328DCFCB500B05408 /* Assets.xcassets */,
				8421C81528DCFCB500B05408 /* LaunchScreen.storyboard */,
				8421C81828DCFCB500B05408 /* Info.plist */,
				843685EC28E0CE35001A0685 /* ColorExtension.swift */,
				843685EE28E0D424001A0685 /* SizeExtension.swift */,
			);
			path = lecture9;
			sourceTree = "<group>";
		};
		E2E879162D35D0E3F02B7306 /* Frameworks */ = {
			isa = PBXGroup;
			children = (
				63EAEDE3AFD209305F9FB08C /* Pods_lecture9.framework */,
			);
			name = Frameworks;
			sourceTree = "<group>";
		};
/* End PBXGroup section */

/* Begin PBXNativeTarget section */
		8421C80628DCFCB400B05408 /* lecture9 */ = {
			isa = PBXNativeTarget;
			buildConfigurationList = 8421C81B28DCFCB500B05408 /* Build configuration list for PBXNativeTarget "lecture9" */;
			buildPhases = (
				E4DEC83631EE9254EB5EB537 /* [CP] Check Pods Manifest.lock */,
				8421C80328DCFCB400B05408 /* Sources */,
				8421C80428DCFCB400B05408 /* Frameworks */,
				8421C80528DCFCB400B05408 /* Resources */,
				1D98F14DC3F190573E1EA2FD /* [CP] Embed Pods Frameworks */,
			);
			buildRules = (
			);
			dependencies = (
			);
			name = lecture9;
			productName = lecture9;
			productReference = 8421C80728DCFCB400B05408 /* lecture9.app */;
			productType = "com.apple.product-type.application";
		};
/* End PBXNativeTarget section */

/* Begin PBXProject section */
		8421C7FF28DCFCB400B05408 /* Project object */ = {
			isa = PBXProject;
			attributes = {
				BuildIndependentTargetsInParallel = 1;
				LastSwiftUpdateCheck = 1340;
				LastUpgradeCheck = 1340;
				TargetAttributes = {
					8421C80628DCFCB400B05408 = {
						CreatedOnToolsVersion = 13.4.1;
					};
				};
			};
			buildConfigurationList = 8421C80228DCFCB400B05408 /* Build configuration list for PBXProject "lecture9" */;
			compatibilityVersion = "Xcode 13.0";
			developmentRegion = en;
			hasScannedForEncodings = 0;
			knownRegions = (
				en,
				Base,
			);
			mainGroup = 8421C7FE28DCFCB400B05408;
			productRefGroup = 8421C80828DCFCB400B05408 /* Products */;
			projectDirPath = "";
			projectRoot = "";
			targets = (
				8421C80628DCFCB400B05408 /* lecture9 */,
			);
		};
/* End PBXProject section */

/* Begin PBXResourcesBuildPhase section */
		8421C80528DCFCB400B05408 /* Resources */ = {
			isa = PBXResourcesBuildPhase;
			buildActionMask = 2147483647;
			files = (
				8421C81728DCFCB500B05408 /* LaunchScreen.storyboard in Resources */,
				8421C81428DCFCB500B05408 /* Assets.xcassets in Resources */,
				8421C81228DCFCB400B05408 /* Main.storyboard in Resources */,
			);
			runOnlyForDeploymentPostprocessing = 0;
		};
/* End PBXResourcesBuildPhase section */

/* Begin PBXShellScriptBuildPhase section */
		1D98F14DC3F190573E1EA2FD /* [CP] Embed Pods Frameworks */ = {
			isa = PBXShellScriptBuildPhase;
			buildActionMask = 2147483647;
			files = (
			);
			inputFileListPaths = (
				"${PODS_ROOT}/Target Support Files/Pods-lecture9/Pods-lecture9-frameworks-${CONFIGURATION}-input-files.xcfilelist",
			);
			name = "[CP] Embed Pods Frameworks";
			outputFileListPaths = (
				"${PODS_ROOT}/Target Support Files/Pods-lecture9/Pods-lecture9-frameworks-${CONFIGURATION}-output-files.xcfilelist",
			);
			runOnlyForDeploymentPostprocessing = 0;
			shellPath = /bin/sh;
			shellScript = "\"${PODS_ROOT}/Target Support Files/Pods-lecture9/Pods-lecture9-frameworks.sh\"\n";
			showEnvVarsInLog = 0;
		};
		E4DEC83631EE9254EB5EB537 /* [CP] Check Pods Manifest.lock */ = {
			isa = PBXShellScriptBuildPhase;
			buildActionMask = 2147483647;
			files = (
			);
			inputFileListPaths = (
			);
			inputPaths = (
				"${PODS_PODFILE_DIR_PATH}/Podfile.lock",
				"${PODS_ROOT}/Manifest.lock",
			);
			name = "[CP] Check Pods Manifest.lock";
			outputFileListPaths = (
			);
			outputPaths = (
				"$(DERIVED_FILE_DIR)/Pods-lecture9-checkManifestLockResult.txt",
			);
			runOnlyForDeploymentPostprocessing = 0;
			shellPath = /bin/sh;
			shellScript = "diff \"${PODS_PODFILE_DIR_PATH}/Podfile.lock\" \"${PODS_ROOT}/Manifest.lock\" > /dev/null\nif [ $? != 0 ] ; then\n    # print error to STDERR\n    echo \"error: The sandbox is not in sync with the Podfile.lock. Run 'pod install' or update your CocoaPods installation.\" >&2\n    exit 1\nfi\n# This output is used by Xcode 'outputs' to avoid re-running this script phase.\necho \"SUCCESS\" > \"${SCRIPT_OUTPUT_FILE_0}\"\n";
			showEnvVarsInLog = 0;
		};
/* End PBXShellScriptBuildPhase section */

/* Begin PBXSourcesBuildPhase section */
		8421C80328DCFCB400B05408 /* Sources */ = {
			isa = PBXSourcesBuildPhase;
			buildActionMask = 2147483647;
			files = (
				843685EF28E0D424001A0685 /* SizeExtension.swift in Sources */,
				8421C80F28DCFCB400B05408 /* ViewController.swift in Sources */,
				8421C80B28DCFCB400B05408 /* AppDelegate.swift in Sources */,
				8421C80D28DCFCB400B05408 /* SceneDelegate.swift in Sources */,
				843685ED28E0CE35001A0685 /* ColorExtension.swift in Sources */,
			);
			runOnlyForDeploymentPostprocessing = 0;
		};
/* End PBXSourcesBuildPhase section */

/* Begin PBXVariantGroup section */
		8421C81028DCFCB400B05408 /* Main.storyboard */ = {
			isa = PBXVariantGroup;
			children = (
				8421C81128DCFCB400B05408 /* Base */,
			);
			name = Main.storyboard;
			sourceTree = "<group>";
		};
		8421C81528DCFCB500B05408 /* LaunchScreen.storyboard */ = {
			isa = PBXVariantGroup;
			children = (
				8421C81628DCFCB500B05408 /* Base */,
			);
			name = LaunchScreen.storyboard;
			sourceTree = "<group>";
		};
/* End PBXVariantGroup section */

/* Begin XCBuildConfiguration section */
		8421C81928DCFCB500B05408 /* Debug */ = {
			isa = XCBuildConfiguration;
			buildSettings = {
				ALWAYS_SEARCH_USER_PATHS = NO;
				CLANG_ANALYZER_NONNULL = YES;
				CLANG_ANALYZER_NUMBER_OBJECT_CONVERSION = YES_AGGRESSIVE;
				CLANG_CXX_LANGUAGE_STANDARD = "gnu++17";
				CLANG_ENABLE_MODULES = YES;
				CLANG_ENABLE_OBJC_ARC = YES;
				CLANG_ENABLE_OBJC_WEAK = YES;
				CLANG_WARN_BLOCK_CAPTURE_AUTORELEASING = YES;
				CLANG_WARN_BOOL_CONVERSION = YES;
				CLANG_WARN_COMMA = YES;
				CLANG_WARN_CONSTANT_CONVERSION = YES;
				CLANG_WARN_DEPRECATED_OBJC_IMPLEMENTATIONS = YES;
				CLANG_WARN_DIRECT_OBJC_ISA_USAGE = YES_ERROR;
				CLANG_WARN_DOCUMENTATION_COMMENTS = YES;
				CLANG_WARN_EMPTY_BODY = YES;
				CLANG_WARN_ENUM_CONVERSION = YES;
				CLANG_WARN_INFINITE_RECURSION = YES;
				CLANG_WARN_INT_CONVERSION = YES;
				CLANG_WARN_NON_LITERAL_NULL_CONVERSION = YES;
				CLANG_WARN_OBJC_IMPLICIT_RETAIN_SELF = YES;
				CLANG_WARN_OBJC_LITERAL_CONVERSION = YES;
				CLANG_WARN_OBJC_ROOT_CLASS = YES_ERROR;
				CLANG_WARN_QUOTED_INCLUDE_IN_FRAMEWORK_HEADER = YES;
				CLANG_WARN_RANGE_LOOP_ANALYSIS = YES;
				CLANG_WARN_STRICT_PROTOTYPES = YES;
				CLANG_WARN_SUSPICIOUS_MOVE = YES;
				CLANG_WARN_UNGUARDED_AVAILABILITY = YES_AGGRESSIVE;
				CLANG_WARN_UNREACHABLE_CODE = YES;
				CLANG_WARN__DUPLICATE_METHOD_MATCH = YES;
				COPY_PHASE_STRIP = NO;
				DEBUG_INFORMATION_FORMAT = dwarf;
				ENABLE_STRICT_OBJC_MSGSEND = YES;
				ENABLE_TESTABILITY = YES;
				GCC_C_LANGUAGE_STANDARD = gnu11;
				GCC_DYNAMIC_NO_PIC = NO;
				GCC_NO_COMMON_BLOCKS = YES;
				GCC_OPTIMIZATION_LEVEL = 0;
				GCC_PREPROCESSOR_DEFINITIONS = (
					"DEBUG=1",
					"$(inherited)",
				);
				GCC_WARN_64_TO_32_BIT_CONVERSION = YES;
				GCC_WARN_ABOUT_RETURN_TYPE = YES_ERROR;
				GCC_WARN_UNDECLARED_SELECTOR = YES;
				GCC_WARN_UNINITIALIZED_AUTOS = YES_AGGRESSIVE;
				GCC_WARN_UNUSED_FUNCTION = YES;
				GCC_WARN_UNUSED_VARIABLE = YES;
				IPHONEOS_DEPLOYMENT_TARGET = 15.5;
				MTL_ENABLE_DEBUG_INFO = INCLUDE_SOURCE;
				MTL_FAST_MATH = YES;
				ONLY_ACTIVE_ARCH = YES;
				SDKROOT = iphoneos;
				SWIFT_ACTIVE_COMPILATION_CONDITIONS = DEBUG;
				SWIFT_OPTIMIZATION_LEVEL = "-Onone";
			};
			name = Debug;
		};
		8421C81A28DCFCB500B05408 /* Release */ = {
			isa = XCBuildConfiguration;
			buildSettings = {
				ALWAYS_SEARCH_USER_PATHS = NO;
				CLANG_ANALYZER_NONNULL = YES;
				CLANG_ANALYZER_NUMBER_OBJECT_CONVERSION = YES_AGGRESSIVE;
				CLANG_CXX_LANGUAGE_STANDARD = "gnu++17";
				CLANG_ENABLE_MODULES = YES;
				CLANG_ENABLE_OBJC_ARC = YES;
				CLANG_ENABLE_OBJC_WEAK = YES;
				CLANG_WARN_BLOCK_CAPTURE_AUTORELEASING = YES;
				CLANG_WARN_BOOL_CONVERSION = YES;
				CLANG_WARN_COMMA = YES;
				CLANG_WARN_CONSTANT_CONVERSION = YES;
				CLANG_WARN_DEPRECATED_OBJC_IMPLEMENTATIONS = YES;
				CLANG_WARN_DIRECT_OBJC_ISA_USAGE = YES_ERROR;
				CLANG_WARN_DOCUMENTATION_COMMENTS = YES;
				CLANG_WARN_EMPTY_BODY = YES;
				CLANG_WARN_ENUM_CONVERSION = YES;
				CLANG_WARN_INFINITE_RECURSION = YES;
				CLANG_WARN_INT_CONVERSION = YES;
				CLANG_WARN_NON_LITERAL_NULL_CONVERSION = YES;
				CLANG_WARN_OBJC_IMPLICIT_RETAIN_SELF = YES;
				CLANG_WARN_OBJC_LITERAL_CONVERSION = YES;
				CLANG_WARN_OBJC_ROOT_CLASS = YES_ERROR;
				CLANG_WARN_QUOTED_INCLUDE_IN_FRAMEWORK_HEADER = YES;
				CLANG_WARN_RANGE_LOOP_ANALYSIS = YES;
				CLANG_WARN_STRICT_PROTOTYPES = YES;
				CLANG_WARN_SUSPICIOUS_MOVE = YES;
				CLANG_WARN_UNGUARDED_AVAILABILITY = YES_AGGRESSIVE;
				CLANG_WARN_UNREACHABLE_CODE = YES;
				CLANG_WARN__DUPLICATE_METHOD_MATCH = YES;
				COPY_PHASE_STRIP = NO;
				DEBUG_INFORMATION_FORMAT = "dwarf-with-dsym";
				ENABLE_NS_ASSERTIONS = NO;
				ENABLE_STRICT_OBJC_MSGSEND = YES;
				GCC_C_LANGUAGE_STANDARD = gnu11;
				GCC_NO_COMMON_BLOCKS = YES;
				GCC_WARN_64_TO_32_BIT_CONVERSION = YES;
				GCC_WARN_ABOUT_RETURN_TYPE = YES_ERROR;
				GCC_WARN_UNDECLARED_SELECTOR = YES;
				GCC_WARN_UNINITIALIZED_AUTOS = YES_AGGRESSIVE;
				GCC_WARN_UNUSED_FUNCTION = YES;
				GCC_WARN_UNUSED_VARIABLE = YES;
				IPHONEOS_DEPLOYMENT_TARGET = 15.5;
				MTL_ENABLE_DEBUG_INFO = NO;
				MTL_FAST_MATH = YES;
				SDKROOT = iphoneos;
				SWIFT_COMPILATION_MODE = wholemodule;
				SWIFT_OPTIMIZATION_LEVEL = "-O";
				VALIDATE_PRODUCT = YES;
			};
			name = Release;
		};
		8421C81C28DCFCB500B05408 /* Debug */ = {
			isa = XCBuildConfiguration;
			baseConfigurationReference = 7338EA36104D6D9BC984FE2E /* Pods-lecture9.debug.xcconfig */;
			buildSettings = {
				ASSETCATALOG_COMPILER_APPICON_NAME = AppIcon;
				ASSETCATALOG_COMPILER_GLOBAL_ACCENT_COLOR_NAME = AccentColor;
				CODE_SIGN_STYLE = Automatic;
				CURRENT_PROJECT_VERSION = 1;
				DEVELOPMENT_TEAM = N9D7BC833T;
				GENERATE_INFOPLIST_FILE = YES;
				INFOPLIST_FILE = lecture9/Info.plist;
				INFOPLIST_KEY_UIApplicationSupportsIndirectInputEvents = YES;
				INFOPLIST_KEY_UILaunchStoryboardName = LaunchScreen;
				INFOPLIST_KEY_UIMainStoryboardFile = Main;
				INFOPLIST_KEY_UISupportedInterfaceOrientations_iPad = "UIInterfaceOrientationPortrait UIInterfaceOrientationPortraitUpsideDown UIInterfaceOrientationLandscapeLeft UIInterfaceOrientationLandscapeRight";
				INFOPLIST_KEY_UISupportedInterfaceOrientations_iPhone = "UIInterfaceOrientationPortrait UIInterfaceOrientationLandscapeLeft UIInterfaceOrientationLandscapeRight";
				LD_RUNPATH_SEARCH_PATHS = (
					"$(inherited)",
					"@executable_path/Frameworks",
				);
				MARKETING_VERSION = 1.0;
				PRODUCT_BUNDLE_IDENTIFIER = com.krasnovskaya.lecture9;
				PRODUCT_NAME = "$(TARGET_NAME)";
				SWIFT_EMIT_LOC_STRINGS = YES;
				SWIFT_VERSION = 5.0;
				TARGETED_DEVICE_FAMILY = "1,2";
			};
			name = Debug;
		};
		8421C81D28DCFCB500B05408 /* Release */ = {
			isa = XCBuildConfiguration;
			baseConfigurationReference = 485EA10C836EEC391E202866 /* Pods-lecture9.release.xcconfig */;
			buildSettings = {
				ASSETCATALOG_COMPILER_APPICON_NAME = AppIcon;
				ASSETCATALOG_COMPILER_GLOBAL_ACCENT_COLOR_NAME = AccentColor;
				CODE_SIGN_STYLE = Automatic;
				CURRENT_PROJECT_VERSION = 1;
				DEVELOPMENT_TEAM = N9D7BC833T;
				GENERATE_INFOPLIST_FILE = YES;
				INFOPLIST_FILE = lecture9/Info.plist;
				INFOPLIST_KEY_UIApplicationSupportsIndirectInputEvents = YES;
				INFOPLIST_KEY_UILaunchStoryboardName = LaunchScreen;
				INFOPLIST_KEY_UIMainStoryboardFile = Main;
				INFOPLIST_KEY_UISupportedInterfaceOrientations_iPad = "UIInterfaceOrientationPortrait UIInterfaceOrientationPortraitUpsideDown UIInterfaceOrientationLandscapeLeft UIInterfaceOrientationLandscapeRight";
				INFOPLIST_KEY_UISupportedInterfaceOrientations_iPhone = "UIInterfaceOrientationPortrait UIInterfaceOrientationLandscapeLeft UIInterfaceOrientationLandscapeRight";
				LD_RUNPATH_SEARCH_PATHS = (
					"$(inherited)",
					"@executable_path/Frameworks",
				);
				MARKETING_VERSION = 1.0;
				PRODUCT_BUNDLE_IDENTIFIER = com.krasnovskaya.lecture9;
				PRODUCT_NAME = "$(TARGET_NAME)";
				SWIFT_EMIT_LOC_STRINGS = YES;
				SWIFT_VERSION = 5.0;
				TARGETED_DEVICE_FAMILY = "1,2";
			};
			name = Release;
		};
/* End XCBuildConfiguration section */

/* Begin XCConfigurationList section */
		8421C80228DCFCB400B05408 /* Build configuration list for PBXProject "lecture9" */ = {
			isa = XCConfigurationList;
			buildConfigurations = (
				8421C81928DCFCB500B05408 /* Debug */,
				8421C81A28DCFCB500B05408 /* Release */,
			);
			defaultConfigurationIsVisible = 0;
			defaultConfigurationName = Release;
		};
		8421C81B28DCFCB500B05408 /* Build configuration list for PBXNativeTarget "lecture9" */ = {
			isa = XCConfigurationList;
			buildConfigurations = (
				8421C81C28DCFCB500B05408 /* Debug */,
				8421C81D28DCFCB500B05408 /* Release */,
			);
			defaultConfigurationIsVisible = 0;
			defaultConfigurationName = Release;
		};
/* End XCConfigurationList section */
	};
	rootObject = 8421C7FF28DCFCB400B05408 /* Project object */;
}
